
Microsoft Visual Studio Solution File, Format Version 12.00
# Visual Studio 14
VisualStudioVersion = 14.0.25420.1
MinimumVisualStudioVersion = 10.0.40219.1
Project("{FAE04EC0-301F-11D3-BF4B-00C04F79EFBC}") = "ClubLife", "ClubLife\ClubLife\ClubLife.csproj", "{0DCB0AFD-641C-4F7D-9485-2AD4B5C719AE}"
EndProject
Project("{FAE04EC0-301F-11D3-BF4B-00C04F79EFBC}") = "ClubLife.Droid", "ClubLife\ClubLife.Droid\ClubLife.Droid.csproj", "{9A7C13BA-9867-4BA6-B2F0-E2CFAB1D230D}"
EndProject
Project("{FAE04EC0-301F-11D3-BF4B-00C04F79EFBC}") = "ClubLife.iOS", "ClubLife\ClubLife.iOS\ClubLife.iOS.csproj", "{65216020-BB91-430E-A43C-2596AFE99D5A}"
EndProject
Project("{FAE04EC0-301F-11D3-BF4B-00C04F79EFBC}") = "ClubLife.UWP", "ClubLife\ClubLife.UWP\ClubLife.UWP.csproj", "{586863CC-BB0B-4960-8066-B0E64D2DA41E}"
EndProject
Global
	GlobalSection(SolutionConfigurationPlatforms) = preSolution
		Ad-Hoc|Any CPU = Ad-Hoc|Any CPU
		Ad-Hoc|ARM = Ad-Hoc|ARM
		Ad-Hoc|iPhone = Ad-Hoc|iPhone
		Ad-Hoc|iPhoneSimulator = Ad-Hoc|iPhoneSimulator
		Ad-Hoc|x64 = Ad-Hoc|x64
		Ad-Hoc|x86 = Ad-Hoc|x86
		AppStore|Any CPU = AppStore|Any CPU
		AppStore|ARM = AppStore|ARM
		AppStore|iPhone = AppStore|iPhone
		AppStore|iPhoneSimulator = AppStore|iPhoneSimulator
		AppStore|x64 = AppStore|x64
		AppStore|x86 = AppStore|x86
		Debug|Any CPU = Debug|Any CPU
		Debug|ARM = Debug|ARM
		Debug|iPhone = Debug|iPhone
		Debug|iPhoneSimulator = Debug|iPhoneSimulator
		Debug|x64 = Debug|x64
		Debug|x86 = Debug|x86
		Release|Any CPU = Release|Any CPU
		Release|ARM = Release|ARM
		Release|iPhone = Release|iPhone
		Release|iPhoneSimulator = Release|iPhoneSimulator
		Release|x64 = Release|x64
		Release|x86 = Release|x86
	EndGlobalSection
	GlobalSection(ProjectConfigurationPlatforms) = postSolution
		{0DCB0AFD-641C-4F7D-9485-2AD4B5C719AE}.Ad-Hoc|Any CPU.ActiveCfg = Release|Any CPU
		{0DCB0AFD-641C-4F7D-9485-2AD4B5C719AE}.Ad-Hoc|Any CPU.Build.0 = Release|Any CPU
		{0DCB0AFD-641C-4F7D-9485-2AD4B5C719AE}.Ad-Hoc|ARM.ActiveCfg = Release|Any CPU
		{0DCB0AFD-641C-4F7D-9485-2AD4B5C719AE}.Ad-Hoc|ARM.Build.0 = Release|Any CPU
		{0DCB0AFD-641C-4F7D-9485-2AD4B5C719AE}.Ad-Hoc|iPhone.ActiveCfg = Release|Any CPU
		{0DCB0AFD-641C-4F7D-9485-2AD4B5C719AE}.Ad-Hoc|iPhone.Build.0 = Release|Any CPU
		{0DCB0AFD-641C-4F7D-9485-2AD4B5C719AE}.Ad-Hoc|iPhoneSimulator.ActiveCfg = Release|Any CPU
		{0DCB0AFD-641C-4F7D-9485-2AD4B5C719AE}.Ad-Hoc|iPhoneSimulator.Build.0 = Release|Any CPU
		{0DCB0AFD-641C-4F7D-9485-2AD4B5C719AE}.Ad-Hoc|x64.ActiveCfg = Release|Any CPU
		{0DCB0AFD-641C-4F7D-9485-2AD4B5C719AE}.Ad-Hoc|x64.Build.0 = Release|Any CPU
		{0DCB0AFD-641C-4F7D-9485-2AD4B5C719AE}.Ad-Hoc|x86.ActiveCfg = Release|Any CPU
		{0DCB0AFD-641C-4F7D-9485-2AD4B5C719AE}.Ad-Hoc|x86.Build.0 = Release|Any CPU
		{0DCB0AFD-641C-4F7D-9485-2AD4B5C719AE}.AppStore|Any CPU.ActiveCfg = Release|Any CPU
		{0DCB0AFD-641C-4F7D-9485-2AD4B5C719AE}.AppStore|Any CPU.Build.0 = Release|Any CPU
		{0DCB0AFD-641C-4F7D-9485-2AD4B5C719AE}.AppStore|ARM.ActiveCfg = Release|Any CPU
		{0DCB0AFD-641C-4F7D-9485-2AD4B5C719AE}.AppStore|ARM.Build.0 = Release|Any CPU
		{0DCB0AFD-641C-4F7D-9485-2AD4B5C719AE}.AppStore|iPhone.ActiveCfg = Release|Any CPU
		{0DCB0AFD-641C-4F7D-9485-2AD4B5C719AE}.AppStore|iPhone.Build.0 = Release|Any CPU
		{0DCB0AFD-641C-4F7D-9485-2AD4B5C719AE}.AppStore|iPhoneSimulator.ActiveCfg = Release|Any CPU
		{0DCB0AFD-641C-4F7D-9485-2AD4B5C719AE}.AppStore|iPhoneSimulator.Build.0 = Release|Any CPU
		{0DCB0AFD-641C-4F7D-9485-2AD4B5C719AE}.AppStore|x64.ActiveCfg = Release|Any CPU
		{0DCB0AFD-641C-4F7D-9485-2AD4B5C719AE}.AppStore|x64.Build.0 = Release|Any CPU
		{0DCB0AFD-641C-4F7D-9485-2AD4B5C719AE}.AppStore|x86.ActiveCfg = Release|Any CPU
		{0DCB0AFD-641C-4F7D-9485-2AD4B5C719AE}.AppStore|x86.Build.0 = Release|Any CPU
		{0DCB0AFD-641C-4F7D-9485-2AD4B5C719AE}.Debug|Any CPU.ActiveCfg = Debug|Any CPU
		{0DCB0AFD-641C-4F7D-9485-2AD4B5C719AE}.Debug|Any CPU.Build.0 = Debug|Any CPU
		{0DCB0AFD-641C-4F7D-9485-2AD4B5C719AE}.Debug|ARM.ActiveCfg = Debug|Any CPU
		{0DCB0AFD-641C-4F7D-9485-2AD4B5C719AE}.Debug|ARM.Build.0 = Debug|Any CPU
		{0DCB0AFD-641C-4F7D-9485-2AD4B5C719AE}.Debug|iPhone.ActiveCfg = Debug|Any CPU
		{0DCB0AFD-641C-4F7D-9485-2AD4B5C719AE}.Debug|iPhone.Build.0 = Debug|Any CPU
		{0DCB0AFD-641C-4F7D-9485-2AD4B5C719AE}.Debug|iPhoneSimulator.ActiveCfg = Debug|Any CPU
		{0DCB0AFD-641C-4F7D-9485-2AD4B5C719AE}.Debug|iPhoneSimulator.Build.0 = Debug|Any CPU
		{0DCB0AFD-641C-4F7D-9485-2AD4B5C719AE}.Debug|x64.ActiveCfg = Debug|Any CPU
		{0DCB0AFD-641C-4F7D-9485-2AD4B5C719AE}.Debug|x64.Build.0 = Debug|Any CPU
		{0DCB0AFD-641C-4F7D-9485-2AD4B5C719AE}.Debug|x86.ActiveCfg = Debug|Any CPU
		{0DCB0AFD-641C-4F7D-9485-2AD4B5C719AE}.Debug|x86.Build.0 = Debug|Any CPU
		{0DCB0AFD-641C-4F7D-9485-2AD4B5C719AE}.Release|Any CPU.ActiveCfg = Release|Any CPU
		{0DCB0AFD-641C-4F7D-9485-2AD4B5C719AE}.Release|Any CPU.Build.0 = Release|Any CPU
		{0DCB0AFD-641C-4F7D-9485-2AD4B5C719AE}.Release|ARM.ActiveCfg = Release|Any CPU
		{0DCB0AFD-641C-4F7D-9485-2AD4B5C719AE}.Release|ARM.Build.0 = Release|Any CPU
		{0DCB0AFD-641C-4F7D-9485-2AD4B5C719AE}.Release|iPhone.ActiveCfg = Release|Any CPU
		{0DCB0AFD-641C-4F7D-9485-2AD4B5C719AE}.Release|iPhone.Build.0 = Release|Any CPU
		{0DCB0AFD-641C-4F7D-9485-2AD4B5C719AE}.Release|iPhoneSimulator.ActiveCfg = Release|Any CPU
		{0DCB0AFD-641C-4F7D-9485-2AD4B5C719AE}.Release|iPhoneSimulator.Build.0 = Release|Any CPU
		{0DCB0AFD-641C-4F7D-9485-2AD4B5C719AE}.Release|x64.ActiveCfg = Release|Any CPU
		{0DCB0AFD-641C-4F7D-9485-2AD4B5C719AE}.Release|x64.Build.0 = Release|Any CPU
		{0DCB0AFD-641C-4F7D-9485-2AD4B5C719AE}.Release|x86.ActiveCfg = Release|Any CPU
		{0DCB0AFD-641C-4F7D-9485-2AD4B5C719AE}.Release|x86.Build.0 = Release|Any CPU
		{9A7C13BA-9867-4BA6-B2F0-E2CFAB1D230D}.Ad-Hoc|Any CPU.ActiveCfg = Release|Any CPU
		{9A7C13BA-9867-4BA6-B2F0-E2CFAB1D230D}.Ad-Hoc|Any CPU.Build.0 = Release|Any CPU
		{9A7C13BA-9867-4BA6-B2F0-E2CFAB1D230D}.Ad-Hoc|Any CPU.Deploy.0 = Release|Any CPU
		{9A7C13BA-9867-4BA6-B2F0-E2CFAB1D230D}.Ad-Hoc|ARM.ActiveCfg = Release|Any CPU
		{9A7C13BA-9867-4BA6-B2F0-E2CFAB1D230D}.Ad-Hoc|ARM.Build.0 = Release|Any CPU
		{9A7C13BA-9867-4BA6-B2F0-E2CFAB1D230D}.Ad-Hoc|ARM.Deploy.0 = Release|Any CPU
		{9A7C13BA-9867-4BA6-B2F0-E2CFAB1D230D}.Ad-Hoc|iPhone.ActiveCfg = Release|Any CPU
		{9A7C13BA-9867-4BA6-B2F0-E2CFAB1D230D}.Ad-Hoc|iPhone.Build.0 = Release|Any CPU
		{9A7C13BA-9867-4BA6-B2F0-E2CFAB1D230D}.Ad-Hoc|iPhone.Deploy.0 = Release|Any CPU
		{9A7C13BA-9867-4BA6-B2F0-E2CFAB1D230D}.Ad-Hoc|iPhoneSimulator.ActiveCfg = Release|Any CPU
		{9A7C13BA-9867-4BA6-B2F0-E2CFAB1D230D}.Ad-Hoc|iPhoneSimulator.Build.0 = Release|Any CPU
		{9A7C13BA-9867-4BA6-B2F0-E2CFAB1D230D}.Ad-Hoc|iPhoneSimulator.Deploy.0 = Release|Any CPU
		{9A7C13BA-9867-4BA6-B2F0-E2CFAB1D230D}.Ad-Hoc|x64.ActiveCfg = Release|Any CPU
		{9A7C13BA-9867-4BA6-B2F0-E2CFAB1D230D}.Ad-Hoc|x64.Build.0 = Release|Any CPU
		{9A7C13BA-9867-4BA6-B2F0-E2CFAB1D230D}.Ad-Hoc|x64.Deploy.0 = Release|Any CPU
		{9A7C13BA-9867-4BA6-B2F0-E2CFAB1D230D}.Ad-Hoc|x86.ActiveCfg = Release|Any CPU
		{9A7C13BA-9867-4BA6-B2F0-E2CFAB1D230D}.Ad-Hoc|x86.Build.0 = Release|Any CPU
		{9A7C13BA-9867-4BA6-B2F0-E2CFAB1D230D}.Ad-Hoc|x86.Deploy.0 = Release|Any CPU
		{9A7C13BA-9867-4BA6-B2F0-E2CFAB1D230D}.AppStore|Any CPU.ActiveCfg = Release|Any CPU
		{9A7C13BA-9867-4BA6-B2F0-E2CFAB1D230D}.AppStore|Any CPU.Build.0 = Release|Any CPU
		{9A7C13BA-9867-4BA6-B2F0-E2CFAB1D230D}.AppStore|Any CPU.Deploy.0 = Release|Any CPU
		{9A7C13BA-9867-4BA6-B2F0-E2CFAB1D230D}.AppStore|ARM.ActiveCfg = Release|Any CPU
		{9A7C13BA-9867-4BA6-B2F0-E2CFAB1D230D}.AppStore|ARM.Build.0 = Release|Any CPU
		{9A7C13BA-9867-4BA6-B2F0-E2CFAB1D230D}.AppStore|ARM.Deploy.0 = Release|Any CPU
		{9A7C13BA-9867-4BA6-B2F0-E2CFAB1D230D}.AppStore|iPhone.ActiveCfg = Release|Any CPU
		{9A7C13BA-9867-4BA6-B2F0-E2CFAB1D230D}.AppStore|iPhone.Build.0 = Release|Any CPU
		{9A7C13BA-9867-4BA6-B2F0-E2CFAB1D230D}.AppStore|iPhone.Deploy.0 = Release|Any CPU
		{9A7C13BA-9867-4BA6-B2F0-E2CFAB1D230D}.AppStore|iPhoneSimulator.ActiveCfg = Release|Any CPU
		{9A7C13BA-9867-4BA6-B2F0-E2CFAB1D230D}.AppStore|iPhoneSimulator.Build.0 = Release|Any CPU
		{9A7C13BA-9867-4BA6-B2F0-E2CFAB1D230D}.AppStore|iPhoneSimulator.Deploy.0 = Release|Any CPU
		{9A7C13BA-9867-4BA6-B2F0-E2CFAB1D230D}.AppStore|x64.ActiveCfg = Release|Any CPU
		{9A7C13BA-9867-4BA6-B2F0-E2CFAB1D230D}.AppStore|x64.Build.0 = Release|Any CPU
		{9A7C13BA-9867-4BA6-B2F0-E2CFAB1D230D}.AppStore|x64.Deploy.0 = Release|Any CPU
		{9A7C13BA-9867-4BA6-B2F0-E2CFAB1D230D}.AppStore|x86.ActiveCfg = Release|Any CPU
		{9A7C13BA-9867-4BA6-B2F0-E2CFAB1D230D}.AppStore|x86.Build.0 = Release|Any CPU
		{9A7C13BA-9867-4BA6-B2F0-E2CFAB1D230D}.AppStore|x86.Deploy.0 = Release|Any CPU
		{9A7C13BA-9867-4BA6-B2F0-E2CFAB1D230D}.Debug|Any CPU.ActiveCfg = Debug|Any CPU
		{9A7C13BA-9867-4BA6-B2F0-E2CFAB1D230D}.Debug|Any CPU.Build.0 = Debug|Any CPU
		{9A7C13BA-9867-4BA6-B2F0-E2CFAB1D230D}.Debug|Any CPU.Deploy.0 = Debug|Any CPU
		{9A7C13BA-9867-4BA6-B2F0-E2CFAB1D230D}.Debug|ARM.ActiveCfg = Debug|Any CPU
		{9A7C13BA-9867-4BA6-B2F0-E2CFAB1D230D}.Debug|ARM.Build.0 = Debug|Any CPU
		{9A7C13BA-9867-4BA6-B2F0-E2CFAB1D230D}.Debug|ARM.Deploy.0 = Debug|Any CPU
		{9A7C13BA-9867-4BA6-B2F0-E2CFAB1D230D}.Debug|iPhone.ActiveCfg = Debug|Any CPU
		{9A7C13BA-9867-4BA6-B2F0-E2CFAB1D230D}.Debug|iPhone.Build.0 = Debug|Any CPU
		{9A7C13BA-9867-4BA6-B2F0-E2CFAB1D230D}.Debug|iPhone.Deploy.0 = Debug|Any CPU
		{9A7C13BA-9867-4BA6-B2F0-E2CFAB1D230D}.Debug|iPhoneSimulator.ActiveCfg = Debug|Any CPU
		{9A7C13BA-9867-4BA6-B2F0-E2CFAB1D230D}.Debug|iPhoneSimulator.Build.0 = Debug|Any CPU
		{9A7C13BA-9867-4BA6-B2F0-E2CFAB1D230D}.Debug|iPhoneSimulator.Deploy.0 = Debug|Any CPU
		{9A7C13BA-9867-4BA6-B2F0-E2CFAB1D230D}.Debug|x64.ActiveCfg = Debug|Any CPU
		{9A7C13BA-9867-4BA6-B2F0-E2CFAB1D230D}.Debug|x64.Build.0 = Debug|Any CPU
		{9A7C13BA-9867-4BA6-B2F0-E2CFAB1D230D}.Debug|x64.Deploy.0 = Debug|Any CPU
		{9A7C13BA-9867-4BA6-B2F0-E2CFAB1D230D}.Debug|x86.ActiveCfg = Debug|Any CPU
		{9A7C13BA-9867-4BA6-B2F0-E2CFAB1D230D}.Debug|x86.Build.0 = Debug|Any CPU
		{9A7C13BA-9867-4BA6-B2F0-E2CFAB1D230D}.Debug|x86.Deploy.0 = Debug|Any CPU
		{9A7C13BA-9867-4BA6-B2F0-E2CFAB1D230D}.Release|Any CPU.ActiveCfg = Release|Any CPU
		{9A7C13BA-9867-4BA6-B2F0-E2CFAB1D230D}.Release|Any CPU.Build.0 = Release|Any CPU
		{9A7C13BA-9867-4BA6-B2F0-E2CFAB1D230D}.Release|Any CPU.Deploy.0 = Release|Any CPU
		{9A7C13BA-9867-4BA6-B2F0-E2CFAB1D230D}.Release|ARM.ActiveCfg = Release|Any CPU
		{9A7C13BA-9867-4BA6-B2F0-E2CFAB1D230D}.Release|ARM.Build.0 = Release|Any CPU
		{9A7C13BA-9867-4BA6-B2F0-E2CFAB1D230D}.Release|ARM.Deploy.0 = Release|Any CPU
		{9A7C13BA-9867-4BA6-B2F0-E2CFAB1D230D}.Release|iPhone.ActiveCfg = Release|Any CPU
		{9A7C13BA-9867-4BA6-B2F0-E2CFAB1D230D}.Release|iPhone.Build.0 = Release|Any CPU
		{9A7C13BA-9867-4BA6-B2F0-E2CFAB1D230D}.Release|iPhone.Deploy.0 = Release|Any CPU
		{9A7C13BA-9867-4BA6-B2F0-E2CFAB1D230D}.Release|iPhoneSimulator.ActiveCfg = Release|Any CPU
		{9A7C13BA-9867-4BA6-B2F0-E2CFAB1D230D}.Release|iPhoneSimulator.Build.0 = Release|Any CPU
		{9A7C13BA-9867-4BA6-B2F0-E2CFAB1D230D}.Release|iPhoneSimulator.Deploy.0 = Release|Any CPU
		{9A7C13BA-9867-4BA6-B2F0-E2CFAB1D230D}.Release|x64.ActiveCfg = Release|Any CPU
		{9A7C13BA-9867-4BA6-B2F0-E2CFAB1D230D}.Release|x64.Build.0 = Release|Any CPU
		{9A7C13BA-9867-4BA6-B2F0-E2CFAB1D230D}.Release|x64.Deploy.0 = Release|Any CPU
		{9A7C13BA-9867-4BA6-B2F0-E2CFAB1D230D}.Release|x86.ActiveCfg = Release|Any CPU
		{9A7C13BA-9867-4BA6-B2F0-E2CFAB1D230D}.Release|x86.Build.0 = Release|Any CPU
		{9A7C13BA-9867-4BA6-B2F0-E2CFAB1D230D}.Release|x86.Deploy.0 = Release|Any CPU
		{65216020-BB91-430E-A43C-2596AFE99D5A}.Ad-Hoc|Any CPU.ActiveCfg = Ad-Hoc|iPhone
		{65216020-BB91-430E-A43C-2596AFE99D5A}.Ad-Hoc|ARM.ActiveCfg = Ad-Hoc|iPhone
		{65216020-BB91-430E-A43C-2596AFE99D5A}.Ad-Hoc|iPhone.ActiveCfg = Ad-Hoc|iPhone
		{65216020-BB91-430E-A43C-2596AFE99D5A}.Ad-Hoc|iPhone.Build.0 = Ad-Hoc|iPhone
		{65216020-BB91-430E-A43C-2596AFE99D5A}.Ad-Hoc|iPhoneSimulator.ActiveCfg = Ad-Hoc|iPhoneSimulator
		{65216020-BB91-430E-A43C-2596AFE99D5A}.Ad-Hoc|iPhoneSimulator.Build.0 = Ad-Hoc|iPhoneSimulator
		{65216020-BB91-430E-A43C-2596AFE99D5A}.Ad-Hoc|x64.ActiveCfg = Ad-Hoc|iPhone
		{65216020-BB91-430E-A43C-2596AFE99D5A}.Ad-Hoc|x86.ActiveCfg = Ad-Hoc|iPhone
		{65216020-BB91-430E-A43C-2596AFE99D5A}.AppStore|Any CPU.ActiveCfg = AppStore|iPhone
		{65216020-BB91-430E-A43C-2596AFE99D5A}.AppStore|ARM.ActiveCfg = AppStore|iPhone
		{65216020-BB91-430E-A43C-2596AFE99D5A}.AppStore|iPhone.ActiveCfg = AppStore|iPhone
		{65216020-BB91-430E-A43C-2596AFE99D5A}.AppStore|iPhone.Build.0 = AppStore|iPhone
		{65216020-BB91-430E-A43C-2596AFE99D5A}.AppStore|iPhoneSimulator.ActiveCfg = AppStore|iPhoneSimulator
		{65216020-BB91-430E-A43C-2596AFE99D5A}.AppStore|iPhoneSimulator.Build.0 = AppStore|iPhoneSimulator
		{65216020-BB91-430E-A43C-2596AFE99D5A}.AppStore|x64.ActiveCfg = AppStore|iPhone
		{65216020-BB91-430E-A43C-2596AFE99D5A}.AppStore|x86.ActiveCfg = AppStore|iPhone
		{65216020-BB91-430E-A43C-2596AFE99D5A}.Debug|Any CPU.ActiveCfg = Debug|iPhone
		{65216020-BB91-430E-A43C-2596AFE99D5A}.Debug|ARM.ActiveCfg = Debug|iPhone
		{65216020-BB91-430E-A43C-2596AFE99D5A}.Debug|iPhone.ActiveCfg = Debug|iPhone
		{65216020-BB91-430E-A43C-2596AFE99D5A}.Debug|iPhone.Build.0 = Debug|iPhone
		{65216020-BB91-430E-A43C-2596AFE99D5A}.Debug|iPhoneSimulator.ActiveCfg = Debug|iPhoneSimulator
		{65216020-BB91-430E-A43C-2596AFE99D5A}.Debug|iPhoneSimulator.Build.0 = Debug|iPhoneSimulator
		{65216020-BB91-430E-A43C-2596AFE99D5A}.Debug|x64.ActiveCfg = Debug|iPhone
		{65216020-BB91-430E-A43C-2596AFE99D5A}.Debug|x86.ActiveCfg = Debug|iPhone
		{65216020-BB91-430E-A43C-2596AFE99D5A}.Release|Any CPU.ActiveCfg = Release|iPhone
		{65216020-BB91-430E-A43C-2596AFE99D5A}.Release|ARM.ActiveCfg = Release|iPhone
		{65216020-BB91-430E-A43C-2596AFE99D5A}.Release|iPhone.ActiveCfg = Release|iPhone
		{65216020-BB91-430E-A43C-2596AFE99D5A}.Release|iPhone.Build.0 = Release|iPhone
		{65216020-BB91-430E-A43C-2596AFE99D5A}.Release|iPhoneSimulator.ActiveCfg = Release|iPhoneSimulator
		{65216020-BB91-430E-A43C-2596AFE99D5A}.Release|iPhoneSimulator.Build.0 = Release|iPhoneSimulator
		{65216020-BB91-430E-A43C-2596AFE99D5A}.Release|x64.ActiveCfg = Release|iPhone
		{65216020-BB91-430E-A43C-2596AFE99D5A}.Release|x86.ActiveCfg = Release|iPhone
		{586863CC-BB0B-4960-8066-B0E64D2DA41E}.Ad-Hoc|Any CPU.ActiveCfg = Release|x86
		{586863CC-BB0B-4960-8066-B0E64D2DA41E}.Ad-Hoc|Any CPU.Build.0 = Release|x86
		{586863CC-BB0B-4960-8066-B0E64D2DA41E}.Ad-Hoc|Any CPU.Deploy.0 = Release|x86
		{586863CC-BB0B-4960-8066-B0E64D2DA41E}.Ad-Hoc|ARM.ActiveCfg = Release|ARM
		{586863CC-BB0B-4960-8066-B0E64D2DA41E}.Ad-Hoc|ARM.Build.0 = Release|ARM
		{586863CC-BB0B-4960-8066-B0E64D2DA41E}.Ad-Hoc|ARM.Deploy.0 = Release|ARM
		{586863CC-BB0B-4960-8066-B0E64D2DA41E}.Ad-Hoc|iPhone.ActiveCfg = Release|x86
		{586863CC-BB0B-4960-8066-B0E64D2DA41E}.Ad-Hoc|iPhone.Build.0 = Release|x86
		{586863CC-BB0B-4960-8066-B0E64D2DA41E}.Ad-Hoc|iPhone.Deploy.0 = Release|x86
		{586863CC-BB0B-4960-8066-B0E64D2DA41E}.Ad-Hoc|iPhoneSimulator.ActiveCfg = Release|x86
		{586863CC-BB0B-4960-8066-B0E64D2DA41E}.Ad-Hoc|iPhoneSimulator.Build.0 = Release|x86
		{586863CC-BB0B-4960-8066-B0E64D2DA41E}.Ad-Hoc|iPhoneSimulator.Deploy.0 = Release|x86
		{586863CC-BB0B-4960-8066-B0E64D2DA41E}.Ad-Hoc|x64.ActiveCfg = Release|x64
		{586863CC-BB0B-4960-8066-B0E64D2DA41E}.Ad-Hoc|x64.Build.0 = Release|x64
		{586863CC-BB0B-4960-8066-B0E64D2DA41E}.Ad-Hoc|x64.Deploy.0 = Release|x64
		{586863CC-BB0B-4960-8066-B0E64D2DA41E}.Ad-Hoc|x86.ActiveCfg = Release|x86
		{586863CC-BB0B-4960-8066-B0E64D2DA41E}.Ad-Hoc|x86.Build.0 = Release|x86
		{586863CC-BB0B-4960-8066-B0E64D2DA41E}.Ad-Hoc|x86.Deploy.0 = Release|x86
		{586863CC-BB0B-4960-8066-B0E64D2DA41E}.AppStore|Any CPU.ActiveCfg = Release|x86
		{586863CC-BB0B-4960-8066-B0E64D2DA41E}.AppStore|Any CPU.Build.0 = Release|x86
		{586863CC-BB0B-4960-8066-B0E64D2DA41E}.AppStore|Any CPU.Deploy.0 = Release|x86
		{586863CC-BB0B-4960-8066-B0E64D2DA41E}.AppStore|ARM.ActiveCfg = Release|ARM
		{586863CC-BB0B-4960-8066-B0E64D2DA41E}.AppStore|ARM.Build.0 = Release|ARM
		{586863CC-BB0B-4960-8066-B0E64D2DA41E}.AppStore|ARM.Deploy.0 = Release|ARM
		{586863CC-BB0B-4960-8066-B0E64D2DA41E}.AppStore|iPhone.ActiveCfg = Release|x86
		{586863CC-BB0B-4960-8066-B0E64D2DA41E}.AppStore|iPhone.Build.0 = Release|x86
		{586863CC-BB0B-4960-8066-B0E64D2DA41E}.AppStore|iPhone.Deploy.0 = Release|x86
		{586863CC-BB0B-4960-8066-B0E64D2DA41E}.AppStore|iPhoneSimulator.ActiveCfg = Release|x86
		{586863CC-BB0B-4960-8066-B0E64D2DA41E}.AppStore|iPhoneSimulator.Build.0 = Release|x86
		{586863CC-BB0B-4960-8066-B0E64D2DA41E}.AppStore|iPhoneSimulator.Deploy.0 = Release|x86
		{586863CC-BB0B-4960-8066-B0E64D2DA41E}.AppStore|x64.ActiveCfg = Release|x64
		{586863CC-BB0B-4960-8066-B0E64D2DA41E}.AppStore|x64.Build.0 = Release|x64
		{586863CC-BB0B-4960-8066-B0E64D2DA41E}.AppStore|x64.Deploy.0 = Release|x64
		{586863CC-BB0B-4960-8066-B0E64D2DA41E}.AppStore|x86.ActiveCfg = Release|x86
		{586863CC-BB0B-4960-8066-B0E64D2DA41E}.AppStore|x86.Build.0 = Release|x86
		{586863CC-BB0B-4960-8066-B0E64D2DA41E}.AppStore|x86.Deploy.0 = Release|x86
		{586863CC-BB0B-4960-8066-B0E64D2DA41E}.Debug|Any CPU.ActiveCfg = Debug|x86
		{586863CC-BB0B-4960-8066-B0E64D2DA41E}.Debug|Any CPU.Build.0 = Debug|x86
		{586863CC-BB0B-4960-8066-B0E64D2DA41E}.Debug|Any CPU.Deploy.0 = Debug|x86
		{586863CC-BB0B-4960-8066-B0E64D2DA41E}.Debug|ARM.ActiveCfg = Debug|ARM
		{586863CC-BB0B-4960-8066-B0E64D2DA41E}.Debug|ARM.Build.0 = Debug|ARM
		{586863CC-BB0B-4960-8066-B0E64D2DA41E}.Debug|ARM.Deploy.0 = Debug|ARM
		{586863CC-BB0B-4960-8066-B0E64D2DA41E}.Debug|iPhone.ActiveCfg = Debug|x86
		{586863CC-BB0B-4960-8066-B0E64D2DA41E}.Debug|iPhoneSimulator.ActiveCfg = Debug|x86
		{586863CC-BB0B-4960-8066-B0E64D2DA41E}.Debug|x64.ActiveCfg = Debug|x64
		{586863CC-BB0B-4960-8066-B0E64D2DA41E}.Debug|x64.Build.0 = Debug|x64
		{586863CC-BB0B-4960-8066-B0E64D2DA41E}.Debug|x64.Deploy.0 = Debug|x64
		{586863CC-BB0B-4960-8066-B0E64D2DA41E}.Debug|x86.ActiveCfg = Debug|x86
		{586863CC-BB0B-4960-8066-B0E64D2DA41E}.Debug|x86.Build.0 = Debug|x86
		{586863CC-BB0B-4960-8066-B0E64D2DA41E}.Debug|x86.Deploy.0 = Debug|x86
		{586863CC-BB0B-4960-8066-B0E64D2DA41E}.Release|Any CPU.ActiveCfg = Release|x86
		{586863CC-BB0B-4960-8066-B0E64D2DA41E}.Release|ARM.ActiveCfg = Release|ARM
		{586863CC-BB0B-4960-8066-B0E64D2DA41E}.Release|ARM.Build.0 = Release|ARM
		{586863CC-BB0B-4960-8066-B0E64D2DA41E}.Release|ARM.Deploy.0 = Release|ARM
		{586863CC-BB0B-4960-8066-B0E64D2DA41E}.Release|iPhone.ActiveCfg = Release|x86
		{586863CC-BB0B-4960-8066-B0E64D2DA41E}.Release|iPhoneSimulator.ActiveCfg = Release|x86
		{586863CC-BB0B-4960-8066-B0E64D2DA41E}.Release|x64.ActiveCfg = Release|x64
		{586863CC-BB0B-4960-8066-B0E64D2DA41E}.Release|x64.Build.0 = Release|x64
		{586863CC-BB0B-4960-8066-B0E64D2DA41E}.Release|x64.Deploy.0 = Release|x64
		{586863CC-BB0B-4960-8066-B0E64D2DA41E}.Release|x86.ActiveCfg = Release|x86
		{586863CC-BB0B-4960-8066-B0E64D2DA41E}.Release|x86.Build.0 = Release|x86
		{586863CC-BB0B-4960-8066-B0E64D2DA41E}.Release|x86.Deploy.0 = Release|x86
	EndGlobalSection
	GlobalSection(SolutionProperties) = preSolution
		HideSolutionNode = FALSE
	EndGlobalSection
EndGlobal
